
Microsoft Visual Studio Solution File, Format Version 12.00
# Visual Studio Version 17
VisualStudioVersion = 17.7.34031.279
MinimumVisualStudioVersion = 10.0.40219.1
Project("{FAE04EC0-301F-11D3-BF4B-00C04F79EFBC}") = "ThirdTask", "ThirdTask\ThirdTask.csproj", "{538F5C35-5455-42CC-B05F-CD247DB1C547}"
EndProject
Global
	GlobalSection(SolutionConfigurationPlatforms) = preSolution
		Debug|Any CPU = Debug|Any CPU
		Release|Any CPU = Release|Any CPU
	EndGlobalSection
	GlobalSection(ProjectConfigurationPlatforms) = postSolution
		{538F5C35-5455-42CC-B05F-CD247DB1C547}.Debug|Any CPU.ActiveCfg = Debug|Any CPU
		{538F5C35-5455-42CC-B05F-CD247DB1C547}.Debug|Any CPU.Build.0 = Debug|Any CPU
		{538F5C35-5455-42CC-B05F-CD247DB1C547}.Release|Any CPU.ActiveCfg = Release|Any CPU
		{538F5C35-5455-42CC-B05F-CD247DB1C547}.Release|Any CPU.Build.0 = Release|Any CPU
	EndGlobalSection
	GlobalSection(SolutionProperties) = preSolution
		HideSolutionNode = FALSE
	EndGlobalSection
	GlobalSection(ExtensibilityGlobals) = postSolution
		SolutionGuid = {8851F1F6-0189-4FB0-A8BA-EEDAA0F8329C}
	EndGlobalSection
EndGlobal
